
Microsoft Visual Studio Solution File, Format Version 12.00
# Visual Studio Version 17
VisualStudioVersion = 17.0.32126.317
MinimumVisualStudioVersion = 10.0.40219.1
Project("{FAE04EC0-301F-11D3-BF4B-00C04F79EFBC}") = "Homework_VariablesAndExpressions_Exercise_02", "Homework_VariablesAndExpressions_Exercise_02.csproj", "{C61DC198-A694-4131-A47D-90FB5C9EF346}"
EndProject
Global
	GlobalSection(SolutionConfigurationPlatforms) = preSolution
		Debug|Any CPU = Debug|Any CPU
		Release|Any CPU = Release|Any CPU
	EndGlobalSection
	GlobalSection(ProjectConfigurationPlatforms) = postSolution
		{C61DC198-A694-4131-A47D-90FB5C9EF346}.Debug|Any CPU.ActiveCfg = Debug|Any CPU
		{C61DC198-A694-4131-A47D-90FB5C9EF346}.Debug|Any CPU.Build.0 = Debug|Any CPU
		{C61DC198-A694-4131-A47D-90FB5C9EF346}.Release|Any CPU.ActiveCfg = Release|Any CPU
		{C61DC198-A694-4131-A47D-90FB5C9EF346}.Release|Any CPU.Build.0 = Release|Any CPU
	EndGlobalSection
	GlobalSection(SolutionProperties) = preSolution
		HideSolutionNode = FALSE
	EndGlobalSection
	GlobalSection(ExtensibilityGlobals) = postSolution
		SolutionGuid = {D75C869B-85B1-4E13-A282-E61C757D5346}
	EndGlobalSection
EndGlobal
